{
  "name": "admin",
  "version": "0.1.0",
  "lockfileVersion": 2,
  "requires": true,
  "packages": {
    "": {
      "name": "admin",
      "version": "0.1.0",
      "dependencies": {
        "@amamentaufn/client-core": "file:../core"
      }
    },
    "../core": {
      "version": "0.1.1"
    },
    "node_modules/@amamentaufn/client-core": {
      "resolved": "../core",
      "link": true
    }
  },
  "dependencies": {
    "@amamentaufn/client-core": {
      "version": "file:../core"
    }
  }
}
